
Microsoft Visual Studio Solution File, Format Version 12.00
# Visual Studio Version 16
VisualStudioVersion = 16.0.31229.75
MinimumVisualStudioVersion = 10.0.40219.1
Project("{FAE04EC0-301F-11D3-BF4B-00C04F79EFBC}") = "Ejercicio de Clase 2", "Ejercicio de Clase 2.csproj", "{35810DEA-6686-4355-BDE2-79ED0DAFB839}"
EndProject
Global
	GlobalSection(SolutionConfigurationPlatforms) = preSolution
		Debug|Any CPU = Debug|Any CPU
		Release|Any CPU = Release|Any CPU
	EndGlobalSection
	GlobalSection(ProjectConfigurationPlatforms) = postSolution
		{35810DEA-6686-4355-BDE2-79ED0DAFB839}.Debug|Any CPU.ActiveCfg = Debug|Any CPU
		{35810DEA-6686-4355-BDE2-79ED0DAFB839}.Debug|Any CPU.Build.0 = Debug|Any CPU
		{35810DEA-6686-4355-BDE2-79ED0DAFB839}.Release|Any CPU.ActiveCfg = Release|Any CPU
		{35810DEA-6686-4355-BDE2-79ED0DAFB839}.Release|Any CPU.Build.0 = Release|Any CPU
	EndGlobalSection
	GlobalSection(SolutionProperties) = preSolution
		HideSolutionNode = FALSE
	EndGlobalSection
	GlobalSection(ExtensibilityGlobals) = postSolution
		SolutionGuid = {B885848D-2F59-492A-AF63-F04D1BF1474B}
	EndGlobalSection
EndGlobal
